
Microsoft Visual Studio Solution File, Format Version 12.00
# Visual Studio 15
VisualStudioVersion = 15.0.28010.2036
MinimumVisualStudioVersion = 10.0.40219.1
Project("{FAE04EC0-301F-11D3-BF4B-00C04F79EFBC}") = "Ch20-P8-MyDirectoryWatcher", "Ch20-P8-MyDirectoryWatcher\Ch20-P8-MyDirectoryWatcher.csproj", "{07043E32-8FA5-4F98-B130-69A789481726}"
EndProject
Global
	GlobalSection(SolutionConfigurationPlatforms) = preSolution
		Debug|Any CPU = Debug|Any CPU
		Release|Any CPU = Release|Any CPU
	EndGlobalSection
	GlobalSection(ProjectConfigurationPlatforms) = postSolution
		{07043E32-8FA5-4F98-B130-69A789481726}.Debug|Any CPU.ActiveCfg = Debug|Any CPU
		{07043E32-8FA5-4F98-B130-69A789481726}.Debug|Any CPU.Build.0 = Debug|Any CPU
		{07043E32-8FA5-4F98-B130-69A789481726}.Release|Any CPU.ActiveCfg = Release|Any CPU
		{07043E32-8FA5-4F98-B130-69A789481726}.Release|Any CPU.Build.0 = Release|Any CPU
	EndGlobalSection
	GlobalSection(SolutionProperties) = preSolution
		HideSolutionNode = FALSE
	EndGlobalSection
	GlobalSection(ExtensibilityGlobals) = postSolution
		SolutionGuid = {6967F563-3D47-4CBE-8E72-D4AB65903120}
	EndGlobalSection
EndGlobal
